
Microsoft Visual Studio Solution File, Format Version 12.00
# Visual Studio Version 17
VisualStudioVersion = 17.8.34330.188
MinimumVisualStudioVersion = 10.0.40219.1
Project("{FAE04EC0-301F-11D3-BF4B-00C04F79EFBC}") = "AbstractionDemo", "AbstractionDemo\AbstractionDemo.csproj", "{C573B3BD-EA85-4C95-81EC-9BF55B98B160}"
EndProject
Global
	GlobalSection(SolutionConfigurationPlatforms) = preSolution
		Debug|Any CPU = Debug|Any CPU
		Release|Any CPU = Release|Any CPU
	EndGlobalSection
	GlobalSection(ProjectConfigurationPlatforms) = postSolution
		{C573B3BD-EA85-4C95-81EC-9BF55B98B160}.Debug|Any CPU.ActiveCfg = Debug|Any CPU
		{C573B3BD-EA85-4C95-81EC-9BF55B98B160}.Debug|Any CPU.Build.0 = Debug|Any CPU
		{C573B3BD-EA85-4C95-81EC-9BF55B98B160}.Release|Any CPU.ActiveCfg = Release|Any CPU
		{C573B3BD-EA85-4C95-81EC-9BF55B98B160}.Release|Any CPU.Build.0 = Release|Any CPU
	EndGlobalSection
	GlobalSection(SolutionProperties) = preSolution
		HideSolutionNode = FALSE
	EndGlobalSection
	GlobalSection(ExtensibilityGlobals) = postSolution
		SolutionGuid = {1604DFFC-6ACE-4025-89C1-A632E2F691CC}
	EndGlobalSection
EndGlobal
